
Microsoft Visual Studio Solution File, Format Version 12.00
Project("{FAE04EC0-301F-11D3-BF4B-00C04F79EFBC}") = "Domain", "Domain\Domain.csproj", "{9E089587-6360-4C91-AC6A-3AB21686A04C}"
EndProject
Project("{FAE04EC0-301F-11D3-BF4B-00C04F79EFBC}") = "Contracts", "Contracts\Contracts.csproj", "{3F595A61-3D87-477F-B7C5-CD40503BEFDB}"
EndProject
Project("{FAE04EC0-301F-11D3-BF4B-00C04F79EFBC}") = "Persistence", "Persistence\Persistence.csproj", "{FB9AA39C-9DEC-46A6-8C79-6037948E6524}"
EndProject
Project("{FAE04EC0-301F-11D3-BF4B-00C04F79EFBC}") = "Application", "Application\Application.csproj", "{D95DB96B-CA97-4353-B102-71F8C2BF0E6C}"
EndProject
Project("{FAE04EC0-301F-11D3-BF4B-00C04F79EFBC}") = "Web", "Web\Web.csproj", "{D0669779-587A-41F9-8902-C65C469339FB}"
EndProject
Project("{2150E333-8FDC-42A3-9474-1A3956D46DE8}") = "src", "src", "{2125AB82-A101-4066-AD9A-AE4DCAC0FB8C}"
EndProject
Global
	GlobalSection(SolutionConfigurationPlatforms) = preSolution
		Debug|Any CPU = Debug|Any CPU
		Release|Any CPU = Release|Any CPU
	EndGlobalSection
	GlobalSection(ProjectConfigurationPlatforms) = postSolution
		{9E089587-6360-4C91-AC6A-3AB21686A04C}.Debug|Any CPU.ActiveCfg = Debug|Any CPU
		{9E089587-6360-4C91-AC6A-3AB21686A04C}.Debug|Any CPU.Build.0 = Debug|Any CPU
		{9E089587-6360-4C91-AC6A-3AB21686A04C}.Release|Any CPU.ActiveCfg = Release|Any CPU
		{9E089587-6360-4C91-AC6A-3AB21686A04C}.Release|Any CPU.Build.0 = Release|Any CPU
		{3F595A61-3D87-477F-B7C5-CD40503BEFDB}.Debug|Any CPU.ActiveCfg = Debug|Any CPU
		{3F595A61-3D87-477F-B7C5-CD40503BEFDB}.Debug|Any CPU.Build.0 = Debug|Any CPU
		{3F595A61-3D87-477F-B7C5-CD40503BEFDB}.Release|Any CPU.ActiveCfg = Release|Any CPU
		{3F595A61-3D87-477F-B7C5-CD40503BEFDB}.Release|Any CPU.Build.0 = Release|Any CPU
		{FB9AA39C-9DEC-46A6-8C79-6037948E6524}.Debug|Any CPU.ActiveCfg = Debug|Any CPU
		{FB9AA39C-9DEC-46A6-8C79-6037948E6524}.Debug|Any CPU.Build.0 = Debug|Any CPU
		{FB9AA39C-9DEC-46A6-8C79-6037948E6524}.Release|Any CPU.ActiveCfg = Release|Any CPU
		{FB9AA39C-9DEC-46A6-8C79-6037948E6524}.Release|Any CPU.Build.0 = Release|Any CPU
		{D95DB96B-CA97-4353-B102-71F8C2BF0E6C}.Debug|Any CPU.ActiveCfg = Debug|Any CPU
		{D95DB96B-CA97-4353-B102-71F8C2BF0E6C}.Debug|Any CPU.Build.0 = Debug|Any CPU
		{D95DB96B-CA97-4353-B102-71F8C2BF0E6C}.Release|Any CPU.ActiveCfg = Release|Any CPU
		{D95DB96B-CA97-4353-B102-71F8C2BF0E6C}.Release|Any CPU.Build.0 = Release|Any CPU
		{D0669779-587A-41F9-8902-C65C469339FB}.Debug|Any CPU.ActiveCfg = Debug|Any CPU
		{D0669779-587A-41F9-8902-C65C469339FB}.Debug|Any CPU.Build.0 = Debug|Any CPU
		{D0669779-587A-41F9-8902-C65C469339FB}.Release|Any CPU.ActiveCfg = Release|Any CPU
		{D0669779-587A-41F9-8902-C65C469339FB}.Release|Any CPU.Build.0 = Release|Any CPU
	EndGlobalSection
	GlobalSection(NestedProjects) = preSolution
		{D95DB96B-CA97-4353-B102-71F8C2BF0E6C} = {2125AB82-A101-4066-AD9A-AE4DCAC0FB8C}
		{9E089587-6360-4C91-AC6A-3AB21686A04C} = {2125AB82-A101-4066-AD9A-AE4DCAC0FB8C}
		{3F595A61-3D87-477F-B7C5-CD40503BEFDB} = {2125AB82-A101-4066-AD9A-AE4DCAC0FB8C}
		{FB9AA39C-9DEC-46A6-8C79-6037948E6524} = {2125AB82-A101-4066-AD9A-AE4DCAC0FB8C}
		{D0669779-587A-41F9-8902-C65C469339FB} = {2125AB82-A101-4066-AD9A-AE4DCAC0FB8C}
	EndGlobalSection
EndGlobal
